
Microsoft Visual Studio Solution File, Format Version 12.00
# Visual Studio Version 16
VisualStudioVersion = 16.0.30503.244
MinimumVisualStudioVersion = 10.0.40219.1
Project("{FAE04EC0-301F-11D3-BF4B-00C04F79EFBC}") = "EmployeePayRollThreading", "EmployeePayRollThreading.csproj", "{E17ED612-E495-4770-B7FC-249C4106DCDC}"
EndProject
Global
	GlobalSection(SolutionConfigurationPlatforms) = preSolution
		Debug|Any CPU = Debug|Any CPU
		Release|Any CPU = Release|Any CPU
	EndGlobalSection
	GlobalSection(ProjectConfigurationPlatforms) = postSolution
		{E17ED612-E495-4770-B7FC-249C4106DCDC}.Debug|Any CPU.ActiveCfg = Debug|Any CPU
		{E17ED612-E495-4770-B7FC-249C4106DCDC}.Debug|Any CPU.Build.0 = Debug|Any CPU
		{E17ED612-E495-4770-B7FC-249C4106DCDC}.Release|Any CPU.ActiveCfg = Release|Any CPU
		{E17ED612-E495-4770-B7FC-249C4106DCDC}.Release|Any CPU.Build.0 = Release|Any CPU
	EndGlobalSection
	GlobalSection(SolutionProperties) = preSolution
		HideSolutionNode = FALSE
	EndGlobalSection
	GlobalSection(ExtensibilityGlobals) = postSolution
		SolutionGuid = {A9E4690C-9BB3-4825-8971-776C9FC6C3DF}
	EndGlobalSection
EndGlobal
